
Microsoft Visual Studio Solution File, Format Version 12.00
# Visual Studio 2013
VisualStudioVersion = 12.0.31101.0
MinimumVisualStudioVersion = 10.0.40219.1
Project("{FAE04EC0-301F-11D3-BF4B-00C04F79EFBC}") = "Eyskens.AutoTagger", "Eyskens.AutoTagger\Eyskens.AutoTagger.csproj", "{901EF56C-35B6-4A5C-9F74-FDAE5455FF4D}"
EndProject
Project("{FAE04EC0-301F-11D3-BF4B-00C04F79EFBC}") = "Eyskens.AutoTaggerWeb", "Eyskens.AutoTaggerWeb\Eyskens.AutoTaggerWeb.csproj", "{89830BE9-1547-45D7-8CD7-EAB2644C27B6}"
EndProject
Global
	GlobalSection(SolutionConfigurationPlatforms) = preSolution
		Debug|Any CPU = Debug|Any CPU
		Release|Any CPU = Release|Any CPU
	EndGlobalSection
	GlobalSection(ProjectConfigurationPlatforms) = postSolution
		{901EF56C-35B6-4A5C-9F74-FDAE5455FF4D}.Debug|Any CPU.ActiveCfg = Debug|Any CPU
		{901EF56C-35B6-4A5C-9F74-FDAE5455FF4D}.Debug|Any CPU.Build.0 = Debug|Any CPU
		{901EF56C-35B6-4A5C-9F74-FDAE5455FF4D}.Debug|Any CPU.Deploy.0 = Debug|Any CPU
		{901EF56C-35B6-4A5C-9F74-FDAE5455FF4D}.Release|Any CPU.ActiveCfg = Release|Any CPU
		{901EF56C-35B6-4A5C-9F74-FDAE5455FF4D}.Release|Any CPU.Build.0 = Release|Any CPU
		{901EF56C-35B6-4A5C-9F74-FDAE5455FF4D}.Release|Any CPU.Deploy.0 = Release|Any CPU
		{89830BE9-1547-45D7-8CD7-EAB2644C27B6}.Debug|Any CPU.ActiveCfg = Debug|Any CPU
		{89830BE9-1547-45D7-8CD7-EAB2644C27B6}.Debug|Any CPU.Build.0 = Debug|Any CPU
		{89830BE9-1547-45D7-8CD7-EAB2644C27B6}.Release|Any CPU.ActiveCfg = Release|Any CPU
		{89830BE9-1547-45D7-8CD7-EAB2644C27B6}.Release|Any CPU.Build.0 = Release|Any CPU
	EndGlobalSection
	GlobalSection(SolutionProperties) = preSolution
		HideSolutionNode = FALSE
	EndGlobalSection
EndGlobal
